
Microsoft Visual Studio Solution File, Format Version 12.00
# Visual Studio 2013
VisualStudioVersion = 12.0.40629.0
MinimumVisualStudioVersion = 10.0.40219.1
Project("{FAE04EC0-301F-11D3-BF4B-00C04F79EFBC}") = "Yachtsolution", "Yachtsolution\Yachtsolution.csproj", "{AD53BD04-2BDD-4F9A-BC32-FEFEDC68F31D}"
EndProject
Project("{FAE04EC0-301F-11D3-BF4B-00C04F79EFBC}") = "Yachtsolution Tests", "Yachtsolution Tests\Yachtsolution Tests.csproj", "{76E4E034-A4A7-4543-87DE-D076C09EAA72}"
EndProject
Global
	GlobalSection(SolutionConfigurationPlatforms) = preSolution
		Debug|Any CPU = Debug|Any CPU
		Release|Any CPU = Release|Any CPU
	EndGlobalSection
	GlobalSection(ProjectConfigurationPlatforms) = postSolution
		{AD53BD04-2BDD-4F9A-BC32-FEFEDC68F31D}.Debug|Any CPU.ActiveCfg = Debug|Any CPU
		{AD53BD04-2BDD-4F9A-BC32-FEFEDC68F31D}.Debug|Any CPU.Build.0 = Debug|Any CPU
		{AD53BD04-2BDD-4F9A-BC32-FEFEDC68F31D}.Release|Any CPU.ActiveCfg = Release|Any CPU
		{AD53BD04-2BDD-4F9A-BC32-FEFEDC68F31D}.Release|Any CPU.Build.0 = Release|Any CPU
		{76E4E034-A4A7-4543-87DE-D076C09EAA72}.Debug|Any CPU.ActiveCfg = Debug|Any CPU
		{76E4E034-A4A7-4543-87DE-D076C09EAA72}.Debug|Any CPU.Build.0 = Debug|Any CPU
		{76E4E034-A4A7-4543-87DE-D076C09EAA72}.Release|Any CPU.ActiveCfg = Release|Any CPU
		{76E4E034-A4A7-4543-87DE-D076C09EAA72}.Release|Any CPU.Build.0 = Release|Any CPU
	EndGlobalSection
	GlobalSection(SolutionProperties) = preSolution
		HideSolutionNode = FALSE
	EndGlobalSection
EndGlobal
